
Microsoft Visual Studio Solution File, Format Version 12.00
# Visual Studio Version 17
VisualStudioVersion = 17.12.35527.113 d17.12
MinimumVisualStudioVersion = 10.0.40219.1
Project("{FAE04EC0-301F-11D3-BF4B-00C04F79EFBC}") = "Movies.Api", "Movies.Api\Movies.Api.csproj", "{DA85DC91-7E2E-4FDB-94F7-FC065181E531}"
EndProject
Project("{FAE04EC0-301F-11D3-BF4B-00C04F79EFBC}") = "Movies.Contracts", "Movies.Contracts\Movies.Contracts.csproj", "{FF11CB40-8E7F-4190-B192-CD4F4B19AE1E}"
EndProject
Project("{FAE04EC0-301F-11D3-BF4B-00C04F79EFBC}") = "Movies.Application", "Movies.Application\Movies.Application.csproj", "{2D27D532-A5E6-4123-B8A9-626DB40E4AB5}"
EndProject
Global
	GlobalSection(SolutionConfigurationPlatforms) = preSolution
		Debug|Any CPU = Debug|Any CPU
		Release|Any CPU = Release|Any CPU
	EndGlobalSection
	GlobalSection(ProjectConfigurationPlatforms) = postSolution
		{DA85DC91-7E2E-4FDB-94F7-FC065181E531}.Debug|Any CPU.ActiveCfg = Debug|Any CPU
		{DA85DC91-7E2E-4FDB-94F7-FC065181E531}.Debug|Any CPU.Build.0 = Debug|Any CPU
		{DA85DC91-7E2E-4FDB-94F7-FC065181E531}.Release|Any CPU.ActiveCfg = Release|Any CPU
		{DA85DC91-7E2E-4FDB-94F7-FC065181E531}.Release|Any CPU.Build.0 = Release|Any CPU
		{FF11CB40-8E7F-4190-B192-CD4F4B19AE1E}.Debug|Any CPU.ActiveCfg = Debug|Any CPU
		{FF11CB40-8E7F-4190-B192-CD4F4B19AE1E}.Debug|Any CPU.Build.0 = Debug|Any CPU
		{FF11CB40-8E7F-4190-B192-CD4F4B19AE1E}.Release|Any CPU.ActiveCfg = Release|Any CPU
		{FF11CB40-8E7F-4190-B192-CD4F4B19AE1E}.Release|Any CPU.Build.0 = Release|Any CPU
		{2D27D532-A5E6-4123-B8A9-626DB40E4AB5}.Debug|Any CPU.ActiveCfg = Debug|Any CPU
		{2D27D532-A5E6-4123-B8A9-626DB40E4AB5}.Debug|Any CPU.Build.0 = Debug|Any CPU
		{2D27D532-A5E6-4123-B8A9-626DB40E4AB5}.Release|Any CPU.ActiveCfg = Release|Any CPU
		{2D27D532-A5E6-4123-B8A9-626DB40E4AB5}.Release|Any CPU.Build.0 = Release|Any CPU
	EndGlobalSection
	GlobalSection(SolutionProperties) = preSolution
		HideSolutionNode = FALSE
	EndGlobalSection
EndGlobal
